// !$*UTF8*$!
{
	archiveVersion = 1;
	classes = {
	};
	objectVersion = 56;
	objects = {

/* Begin PBXBuildFile section */
		B04345942995383700941420 /* main.swift in Sources */ = {isa = PBXBuildFile; fileRef = B04345932995383700941420 /* main.swift */; };
		B043459C2995390300941420 /* Kitura in Frameworks */ = {isa = PBXBuildFile; productRef = B043459B2995390300941420 /* Kitura */; };
		B043459F2995396E00941420 /* SwiftDotEnv in Frameworks */ = {isa = PBXBuildFile; productRef = B043459E2995396E00941420 /* SwiftDotEnv */; };
		B04345A12995399B00941420 /* Configure.swift in Sources */ = {isa = PBXBuildFile; fileRef = B04345A02995399B00941420 /* Configure.swift */; };
		B04345A329953B1000941420 /* Processor.swift in Sources */ = {isa = PBXBuildFile; fileRef = B04345A229953B1000941420 /* Processor.swift */; };
		B04345A5299609A200941420 /* HandleRequest.swift in Sources */ = {isa = PBXBuildFile; fileRef = B04345A4299609A200941420 /* HandleRequest.swift */; };
		B04345A72996192F00941420 /* RouterRequestExtension.swift in Sources */ = {isa = PBXBuildFile; fileRef = B04345A62996192F00941420 /* RouterRequestExtension.swift */; };
		B04345A929961DF600941420 /* RuntimeConfigure.swift in Sources */ = {isa = PBXBuildFile; fileRef = B04345A829961DF600941420 /* RuntimeConfigure.swift */; };
		B04345AB29962EF900941420 /* ResponseConstructor.swift in Sources */ = {isa = PBXBuildFile; fileRef = B04345AA29962EF900941420 /* ResponseConstructor.swift */; };
		B04345AD2996306800941420 /* ParseLocalFile.swift in Sources */ = {isa = PBXBuildFile; fileRef = B04345AC2996306800941420 /* ParseLocalFile.swift */; };
/* End PBXBuildFile section */

/* Begin PBXCopyFilesBuildPhase section */
		B043458E2995383700941420 /* CopyFiles */ = {
			isa = PBXCopyFilesBuildPhase;
			buildActionMask = 2147483647;
			dstPath = /usr/share/man/man1/;
			dstSubfolderSpec = 0;
			files = (
			);
			runOnlyForDeploymentPostprocessing = 1;
		};
/* End PBXCopyFilesBuildPhase section */

/* Begin PBXFileReference section */
		B04345902995383700941420 /* APC Swift */ = {isa = PBXFileReference; explicitFileType = "compiled.mach-o.executable"; includeInIndex = 0; path = "APC Swift"; sourceTree = BUILT_PRODUCTS_DIR; };
		B04345932995383700941420 /* main.swift */ = {isa = PBXFileReference; lastKnownFileType = sourcecode.swift; path = main.swift; sourceTree = "<group>"; };
		B04345A02995399B00941420 /* Configure.swift */ = {isa = PBXFileReference; lastKnownFileType = sourcecode.swift; path = Configure.swift; sourceTree = "<group>"; };
		B04345A229953B1000941420 /* Processor.swift */ = {isa = PBXFileReference; lastKnownFileType = sourcecode.swift; path = Processor.swift; sourceTree = "<group>"; };
		B04345A4299609A200941420 /* HandleRequest.swift */ = {isa = PBXFileReference; lastKnownFileType = sourcecode.swift; path = HandleRequest.swift; sourceTree = "<group>"; };
		B04345A62996192F00941420 /* RouterRequestExtension.swift */ = {isa = PBXFileReference; lastKnownFileType = sourcecode.swift; path = RouterRequestExtension.swift; sourceTree = "<group>"; };
		B04345A829961DF600941420 /* RuntimeConfigure.swift */ = {isa = PBXFileReference; lastKnownFileType = sourcecode.swift; path = RuntimeConfigure.swift; sourceTree = "<group>"; };
		B04345AA29962EF900941420 /* ResponseConstructor.swift */ = {isa = PBXFileReference; lastKnownFileType = sourcecode.swift; path = ResponseConstructor.swift; sourceTree = "<group>"; };
		B04345AC2996306800941420 /* ParseLocalFile.swift */ = {isa = PBXFileReference; lastKnownFileType = sourcecode.swift; path = ParseLocalFile.swift; sourceTree = "<group>"; };
/* End PBXFileReference section */

/* Begin PBXFrameworksBuildPhase section */
		B043458D2995383700941420 /* Frameworks */ = {
			isa = PBXFrameworksBuildPhase;
			buildActionMask = 2147483647;
			files = (
				B043459F2995396E00941420 /* SwiftDotEnv in Frameworks */,
				B043459C2995390300941420 /* Kitura in Frameworks */,
			);
			runOnlyForDeploymentPostprocessing = 0;
		};
/* End PBXFrameworksBuildPhase section */

/* Begin PBXGroup section */
		B04345872995383700941420 = {
			isa = PBXGroup;
			children = (
				B04345922995383700941420 /* APC Swift */,
				B04345912995383700941420 /* Products */,
			);
			sourceTree = "<group>";
		};
		B04345912995383700941420 /* Products */ = {
			isa = PBXGroup;
			children = (
				B04345902995383700941420 /* APC Swift */,
			);
			name = Products;
			sourceTree = "<group>";
		};
		B04345922995383700941420 /* APC Swift */ = {
			isa = PBXGroup;
			children = (
				B04345932995383700941420 /* main.swift */,
				B04345A02995399B00941420 /* Configure.swift */,
				B04345A229953B1000941420 /* Processor.swift */,
				B04345A4299609A200941420 /* HandleRequest.swift */,
				B04345A62996192F00941420 /* RouterRequestExtension.swift */,
				B04345A829961DF600941420 /* RuntimeConfigure.swift */,
				B04345AA29962EF900941420 /* ResponseConstructor.swift */,
				B04345AC2996306800941420 /* ParseLocalFile.swift */,
			);
			path = "APC Swift";
			sourceTree = "<group>";
		};
/* End PBXGroup section */

/* Begin PBXNativeTarget section */
		B043458F2995383700941420 /* APC Swift */ = {
			isa = PBXNativeTarget;
			buildConfigurationList = B04345972995383700941420 /* Build configuration list for PBXNativeTarget "APC Swift" */;
			buildPhases = (
				B043458C2995383700941420 /* Sources */,
				B043458D2995383700941420 /* Frameworks */,
				B043458E2995383700941420 /* CopyFiles */,
			);
			buildRules = (
			);
			dependencies = (
			);
			name = "APC Swift";
			packageProductDependencies = (
				B043459B2995390300941420 /* Kitura */,
				B043459E2995396E00941420 /* SwiftDotEnv */,
			);
			productName = "APC Swift";
			productReference = B04345902995383700941420 /* APC Swift */;
			productType = "com.apple.product-type.tool";
		};
/* End PBXNativeTarget section */

/* Begin PBXProject section */
		B04345882995383700941420 /* Project object */ = {
			isa = PBXProject;
			attributes = {
				BuildIndependentTargetsInParallel = 1;
				LastSwiftUpdateCheck = 1420;
				LastUpgradeCheck = 1420;
				TargetAttributes = {
					B043458F2995383700941420 = {
						CreatedOnToolsVersion = 14.2;
					};
				};
			};
			buildConfigurationList = B043458B2995383700941420 /* Build configuration list for PBXProject "APC Swift" */;
			compatibilityVersion = "Xcode 14.0";
			developmentRegion = en;
			hasScannedForEncodings = 0;
			knownRegions = (
				en,
				Base,
			);
			mainGroup = B04345872995383700941420;
			packageReferences = (
				B043459A2995390300941420 /* XCRemoteSwiftPackageReference "Kitura" */,
				B043459D2995396E00941420 /* XCRemoteSwiftPackageReference "SwiftDotEnv" */,
			);
			productRefGroup = B04345912995383700941420 /* Products */;
			projectDirPath = "";
			projectRoot = "";
			targets = (
				B043458F2995383700941420 /* APC Swift */,
			);
		};
/* End PBXProject section */

/* Begin PBXSourcesBuildPhase section */
		B043458C2995383700941420 /* Sources */ = {
			isa = PBXSourcesBuildPhase;
			buildActionMask = 2147483647;
			files = (
				B04345A329953B1000941420 /* Processor.swift in Sources */,
				B04345A72996192F00941420 /* RouterRequestExtension.swift in Sources */,
				B04345A12995399B00941420 /* Configure.swift in Sources */,
				B04345AB29962EF900941420 /* ResponseConstructor.swift in Sources */,
				B04345A929961DF600941420 /* RuntimeConfigure.swift in Sources */,
				B04345AD2996306800941420 /* ParseLocalFile.swift in Sources */,
				B04345942995383700941420 /* main.swift in Sources */,
				B04345A5299609A200941420 /* HandleRequest.swift in Sources */,
			);
			runOnlyForDeploymentPostprocessing = 0;
		};
/* End PBXSourcesBuildPhase section */

/* Begin XCBuildConfiguration section */
		B04345952995383700941420 /* Debug */ = {
			isa = XCBuildConfiguration;
			buildSettings = {
				ALWAYS_SEARCH_USER_PATHS = NO;
				CLANG_ANALYZER_NONNULL = YES;
				CLANG_ANALYZER_NUMBER_OBJECT_CONVERSION = YES_AGGRESSIVE;
				CLANG_CXX_LANGUAGE_STANDARD = "gnu++20";
				CLANG_ENABLE_MODULES = YES;
				CLANG_ENABLE_OBJC_ARC = YES;
				CLANG_ENABLE_OBJC_WEAK = YES;
				CLANG_WARN_BLOCK_CAPTURE_AUTORELEASING = YES;
				CLANG_WARN_BOOL_CONVERSION = YES;
				CLANG_WARN_COMMA = YES;
				CLANG_WARN_CONSTANT_CONVERSION = YES;
				CLANG_WARN_DEPRECATED_OBJC_IMPLEMENTATIONS = YES;
				CLANG_WARN_DIRECT_OBJC_ISA_USAGE = YES_ERROR;
				CLANG_WARN_DOCUMENTATION_COMMENTS = YES;
				CLANG_WARN_EMPTY_BODY = YES;
				CLANG_WARN_ENUM_CONVERSION = YES;
				CLANG_WARN_INFINITE_RECURSION = YES;
				CLANG_WARN_INT_CONVERSION = YES;
				CLANG_WARN_NON_LITERAL_NULL_CONVERSION = YES;
				CLANG_WARN_OBJC_IMPLICIT_RETAIN_SELF = YES;
				CLANG_WARN_OBJC_LITERAL_CONVERSION = YES;
				CLANG_WARN_OBJC_ROOT_CLASS = YES_ERROR;
				CLANG_WARN_QUOTED_INCLUDE_IN_FRAMEWORK_HEADER = YES;
				CLANG_WARN_RANGE_LOOP_ANALYSIS = YES;
				CLANG_WARN_STRICT_PROTOTYPES = YES;
				CLANG_WARN_SUSPICIOUS_MOVE = YES;
				CLANG_WARN_UNGUARDED_AVAILABILITY = YES_AGGRESSIVE;
				CLANG_WARN_UNREACHABLE_CODE = YES;
				CLANG_WARN__DUPLICATE_METHOD_MATCH = YES;
				COPY_PHASE_STRIP = NO;
				DEBUG_INFORMATION_FORMAT = dwarf;
				ENABLE_STRICT_OBJC_MSGSEND = YES;
				ENABLE_TESTABILITY = YES;
				GCC_C_LANGUAGE_STANDARD = gnu11;
				GCC_DYNAMIC_NO_PIC = NO;
				GCC_NO_COMMON_BLOCKS = YES;
				GCC_OPTIMIZATION_LEVEL = 0;
				GCC_PREPROCESSOR_DEFINITIONS = (
					"DEBUG=1",
					"$(inherited)",
				);
				GCC_WARN_64_TO_32_BIT_CONVERSION = YES;
				GCC_WARN_ABOUT_RETURN_TYPE = YES_ERROR;
				GCC_WARN_UNDECLARED_SELECTOR = YES;
				GCC_WARN_UNINITIALIZED_AUTOS = YES_AGGRESSIVE;
				GCC_WARN_UNUSED_FUNCTION = YES;
				GCC_WARN_UNUSED_VARIABLE = YES;
				MACOSX_DEPLOYMENT_TARGET = 13.1;
				MTL_ENABLE_DEBUG_INFO = INCLUDE_SOURCE;
				MTL_FAST_MATH = YES;
				ONLY_ACTIVE_ARCH = YES;
				SDKROOT = macosx;
				SWIFT_ACTIVE_COMPILATION_CONDITIONS = DEBUG;
				SWIFT_OPTIMIZATION_LEVEL = "-Onone";
			};
			name = Debug;
		};
		B04345962995383700941420 /* Release */ = {
			isa = XCBuildConfiguration;
			buildSettings = {
				ALWAYS_SEARCH_USER_PATHS = NO;
				CLANG_ANALYZER_NONNULL = YES;
				CLANG_ANALYZER_NUMBER_OBJECT_CONVERSION = YES_AGGRESSIVE;
				CLANG_CXX_LANGUAGE_STANDARD = "gnu++20";
				CLANG_ENABLE_MODULES = YES;
				CLANG_ENABLE_OBJC_ARC = YES;
				CLANG_ENABLE_OBJC_WEAK = YES;
				CLANG_WARN_BLOCK_CAPTURE_AUTORELEASING = YES;
				CLANG_WARN_BOOL_CONVERSION = YES;
				CLANG_WARN_COMMA = YES;
				CLANG_WARN_CONSTANT_CONVERSION = YES;
				CLANG_WARN_DEPRECATED_OBJC_IMPLEMENTATIONS = YES;
				CLANG_WARN_DIRECT_OBJC_ISA_USAGE = YES_ERROR;
				CLANG_WARN_DOCUMENTATION_COMMENTS = YES;
				CLANG_WARN_EMPTY_BODY = YES;
				CLANG_WARN_ENUM_CONVERSION = YES;
				CLANG_WARN_INFINITE_RECURSION = YES;
				CLANG_WARN_INT_CONVERSION = YES;
				CLANG_WARN_NON_LITERAL_NULL_CONVERSION = YES;
				CLANG_WARN_OBJC_IMPLICIT_RETAIN_SELF = YES;
				CLANG_WARN_OBJC_LITERAL_CONVERSION = YES;
				CLANG_WARN_OBJC_ROOT_CLASS = YES_ERROR;
				CLANG_WARN_QUOTED_INCLUDE_IN_FRAMEWORK_HEADER = YES;
				CLANG_WARN_RANGE_LOOP_ANALYSIS = YES;
				CLANG_WARN_STRICT_PROTOTYPES = YES;
				CLANG_WARN_SUSPICIOUS_MOVE = YES;
				CLANG_WARN_UNGUARDED_AVAILABILITY = YES_AGGRESSIVE;
				CLANG_WARN_UNREACHABLE_CODE = YES;
				CLANG_WARN__DUPLICATE_METHOD_MATCH = YES;
				COPY_PHASE_STRIP = NO;
				DEBUG_INFORMATION_FORMAT = "dwarf-with-dsym";
				ENABLE_NS_ASSERTIONS = NO;
				ENABLE_STRICT_OBJC_MSGSEND = YES;
				GCC_C_LANGUAGE_STANDARD = gnu11;
				GCC_NO_COMMON_BLOCKS = YES;
				GCC_WARN_64_TO_32_BIT_CONVERSION = YES;
				GCC_WARN_ABOUT_RETURN_TYPE = YES_ERROR;
				GCC_WARN_UNDECLARED_SELECTOR = YES;
				GCC_WARN_UNINITIALIZED_AUTOS = YES_AGGRESSIVE;
				GCC_WARN_UNUSED_FUNCTION = YES;
				GCC_WARN_UNUSED_VARIABLE = YES;
				MACOSX_DEPLOYMENT_TARGET = 13.1;
				MTL_ENABLE_DEBUG_INFO = NO;
				MTL_FAST_MATH = YES;
				SDKROOT = macosx;
				SWIFT_COMPILATION_MODE = wholemodule;
				SWIFT_OPTIMIZATION_LEVEL = "-O";
			};
			name = Release;
		};
		B04345982995383700941420 /* Debug */ = {
			isa = XCBuildConfiguration;
			buildSettings = {
				CODE_SIGN_STYLE = Automatic;
				DEVELOPMENT_TEAM = T57PLMJKEL;
				ENABLE_HARDENED_RUNTIME = YES;
				MACOSX_DEPLOYMENT_TARGET = 12.4;
				PRODUCT_NAME = "$(TARGET_NAME)";
				SWIFT_VERSION = 5.0;
			};
			name = Debug;
		};
		B04345992995383700941420 /* Release */ = {
			isa = XCBuildConfiguration;
			buildSettings = {
				CODE_SIGN_STYLE = Automatic;
				DEVELOPMENT_TEAM = T57PLMJKEL;
				ENABLE_HARDENED_RUNTIME = YES;
				MACOSX_DEPLOYMENT_TARGET = 12.4;
				PRODUCT_NAME = "$(TARGET_NAME)";
				SWIFT_VERSION = 5.0;
			};
			name = Release;
		};
/* End XCBuildConfiguration section */

/* Begin XCConfigurationList section */
		B043458B2995383700941420 /* Build configuration list for PBXProject "APC Swift" */ = {
			isa = XCConfigurationList;
			buildConfigurations = (
				B04345952995383700941420 /* Debug */,
				B04345962995383700941420 /* Release */,
			);
			defaultConfigurationIsVisible = 0;
			defaultConfigurationName = Release;
		};
		B04345972995383700941420 /* Build configuration list for PBXNativeTarget "APC Swift" */ = {
			isa = XCConfigurationList;
			buildConfigurations = (
				B04345982995383700941420 /* Debug */,
				B04345992995383700941420 /* Release */,
			);
			defaultConfigurationIsVisible = 0;
			defaultConfigurationName = Release;
		};
/* End XCConfigurationList section */

/* Begin XCRemoteSwiftPackageReference section */
		B043459A2995390300941420 /* XCRemoteSwiftPackageReference "Kitura" */ = {
			isa = XCRemoteSwiftPackageReference;
			repositoryURL = "https://github.com/Kitura/Kitura";
			requirement = {
				kind = upToNextMajorVersion;
				minimumVersion = 3.0.0;
			};
		};
		B043459D2995396E00941420 /* XCRemoteSwiftPackageReference "SwiftDotEnv" */ = {
			isa = XCRemoteSwiftPackageReference;
			repositoryURL = "https://github.com/SwiftOnTheServer/SwiftDotEnv";
			requirement = {
				kind = upToNextMinorVersion;
				minimumVersion = 2.0.0;
			};
		};
/* End XCRemoteSwiftPackageReference section */

/* Begin XCSwiftPackageProductDependency section */
		B043459B2995390300941420 /* Kitura */ = {
			isa = XCSwiftPackageProductDependency;
			package = B043459A2995390300941420 /* XCRemoteSwiftPackageReference "Kitura" */;
			productName = Kitura;
		};
		B043459E2995396E00941420 /* SwiftDotEnv */ = {
			isa = XCSwiftPackageProductDependency;
			package = B043459D2995396E00941420 /* XCRemoteSwiftPackageReference "SwiftDotEnv" */;
			productName = SwiftDotEnv;
		};
/* End XCSwiftPackageProductDependency section */
	};
	rootObject = B04345882995383700941420 /* Project object */;
}
